PODS:
  - dsBridge (3.0.6)
  - FBSnapshotTestCase (2.1.4):
    - FBSnapshotTestCase/SwiftSupport (= 2.1.4)
  - FBSnapshotTestCase/Core (2.1.4)
  - FBSnapshotTestCase/SwiftSupport (2.1.4):
    - FBSnapshotTestCase/Core
  - Masonry (1.1.0)
  - White-SDK-iOS (2.4.1):
    - dsBridge (~> 3.0.2)
    - YYModel (~> 1.0.4)
  - WhiteCombinePlayer (0.1.4):
    - White-SDK-iOS (~> 2.3)
  - YYModel (1.0.4)

DEPENDENCIES:
  - FBSnapshotTestCase
  - Masonry
  - WhiteCombinePlayer (from `../`)

SPEC REPOS:
  https://github.com/cocoapods/specs.git:
    - dsBridge
    - FBSnapshotTestCase
    - Masonry
    - White-SDK-iOS
    - YYModel

EXTERNAL SOURCES:
  WhiteCombinePlayer:
    :path: "../"

SPEC CHECKSUMS:
  dsBridge: 48b62ee8a411ad601a88d6f6c8cf6cb634b206b7
  FBSnapshotTestCase: 094f9f314decbabe373b87cc339bea235a63e07a
  Masonry: 678fab65091a9290e40e2832a55e7ab731aad201
  White-SDK-iOS: b65b55a2762ceade404b773e9780c20ca678cf9c
  WhiteCombinePlayer: 9fd3cf73c4198bcf2934be83a5b7a71c47afb242
  YYModel: 2a7fdd96aaa4b86a824e26d0c517de8928c04b30

PODFILE CHECKSUM: 9821c71b22a905b957fa50112ebb6f2de8edf042

COCOAPODS: 1.7.3
